
Microsoft Visual Studio Solution File, Format Version 12.00
# Visual Studio 15
VisualStudioVersion = 15.0.28307.1145
MinimumVisualStudioVersion = 10.0.40219.1
Project("{FAE04EC0-301F-11D3-BF4B-00C04F79EFBC}") = "RocketcadManager", "RocketcadManager\RocketcadManager.csproj", "{63BD916A-3BBE-4F93-807D-4E911BE11246}"
EndProject
Project("{FAE04EC0-301F-11D3-BF4B-00C04F79EFBC}") = "RocketcadManagerPlugin", "RocketcadManagerPlugin\RocketcadManagerPlugin.csproj", "{741D4F23-A33C-4081-94AC-F8CDB0DCAB53}"
EndProject
Project("{FAE04EC0-301F-11D3-BF4B-00C04F79EFBC}") = "RocketcadManagerLib", "RocketcadManagerLib\RocketcadManagerLib.csproj", "{6EBF2AFD-3751-408B-821E-F46CD095F492}"
EndProject
Global
	GlobalSection(SolutionConfigurationPlatforms) = preSolution
		Debug|Any CPU = Debug|Any CPU
		Release|Any CPU = Release|Any CPU
	EndGlobalSection
	GlobalSection(ProjectConfigurationPlatforms) = postSolution
		{63BD916A-3BBE-4F93-807D-4E911BE11246}.Debug|Any CPU.ActiveCfg = Debug|Any CPU
		{63BD916A-3BBE-4F93-807D-4E911BE11246}.Debug|Any CPU.Build.0 = Debug|Any CPU
		{63BD916A-3BBE-4F93-807D-4E911BE11246}.Release|Any CPU.ActiveCfg = Release|Any CPU
		{63BD916A-3BBE-4F93-807D-4E911BE11246}.Release|Any CPU.Build.0 = Release|Any CPU
		{741D4F23-A33C-4081-94AC-F8CDB0DCAB53}.Debug|Any CPU.ActiveCfg = Debug|Any CPU
		{741D4F23-A33C-4081-94AC-F8CDB0DCAB53}.Debug|Any CPU.Build.0 = Debug|Any CPU
		{741D4F23-A33C-4081-94AC-F8CDB0DCAB53}.Release|Any CPU.ActiveCfg = Release|Any CPU
		{741D4F23-A33C-4081-94AC-F8CDB0DCAB53}.Release|Any CPU.Build.0 = Release|Any CPU
		{6EBF2AFD-3751-408B-821E-F46CD095F492}.Debug|Any CPU.ActiveCfg = Debug|Any CPU
		{6EBF2AFD-3751-408B-821E-F46CD095F492}.Debug|Any CPU.Build.0 = Debug|Any CPU
		{6EBF2AFD-3751-408B-821E-F46CD095F492}.Release|Any CPU.ActiveCfg = Release|Any CPU
		{6EBF2AFD-3751-408B-821E-F46CD095F492}.Release|Any CPU.Build.0 = Release|Any CPU
	EndGlobalSection
	GlobalSection(SolutionProperties) = preSolution
		HideSolutionNode = FALSE
	EndGlobalSection
	GlobalSection(ExtensibilityGlobals) = postSolution
		SolutionGuid = {382E6FE4-8036-4D75-90BD-71980095FCEC}
	EndGlobalSection
EndGlobal
